
Microsoft Visual Studio Solution File, Format Version 12.00
# Visual Studio Version 16
VisualStudioVersion = 16.0.30114.105
MinimumVisualStudioVersion = 10.0.40219.1
Project("{FAE04EC0-301F-11D3-BF4B-00C04F79EFBC}") = "EfficientCSharpCode", "EfficientCSharpCode\EfficientCSharpCode.csproj", "{EA40A7C8-EF3B-44F8-BE93-94F40526EFEC}"
EndProject
Project("{FAE04EC0-301F-11D3-BF4B-00C04F79EFBC}") = "AsyncWebAPI", "AsyncWebAPI\AsyncWebAPI.csproj", "{AD08FCEE-3539-4FC5-9B81-1A49591249EE}"
EndProject
Global
	GlobalSection(SolutionConfigurationPlatforms) = preSolution
		Debug|Any CPU = Debug|Any CPU
		Release|Any CPU = Release|Any CPU
	EndGlobalSection
	GlobalSection(ProjectConfigurationPlatforms) = postSolution
		{EA40A7C8-EF3B-44F8-BE93-94F40526EFEC}.Debug|Any CPU.ActiveCfg = Debug|Any CPU
		{EA40A7C8-EF3B-44F8-BE93-94F40526EFEC}.Debug|Any CPU.Build.0 = Debug|Any CPU
		{EA40A7C8-EF3B-44F8-BE93-94F40526EFEC}.Release|Any CPU.ActiveCfg = Release|Any CPU
		{EA40A7C8-EF3B-44F8-BE93-94F40526EFEC}.Release|Any CPU.Build.0 = Release|Any CPU
		{AD08FCEE-3539-4FC5-9B81-1A49591249EE}.Debug|Any CPU.ActiveCfg = Debug|Any CPU
		{AD08FCEE-3539-4FC5-9B81-1A49591249EE}.Debug|Any CPU.Build.0 = Debug|Any CPU
		{AD08FCEE-3539-4FC5-9B81-1A49591249EE}.Release|Any CPU.ActiveCfg = Release|Any CPU
		{AD08FCEE-3539-4FC5-9B81-1A49591249EE}.Release|Any CPU.Build.0 = Release|Any CPU
	EndGlobalSection
	GlobalSection(SolutionProperties) = preSolution
		HideSolutionNode = FALSE
	EndGlobalSection
	GlobalSection(ExtensibilityGlobals) = postSolution
		SolutionGuid = {7378707E-B7B4-443E-8487-9D967041EDBA}
	EndGlobalSection
EndGlobal
